
Microsoft Visual Studio Solution File, Format Version 12.00
# Visual Studio Version 17
VisualStudioVersion = 17.5.33530.505
MinimumVisualStudioVersion = 10.0.40219.1
Project("{FAE04EC0-301F-11D3-BF4B-00C04F79EFBC}") = "tek sayıların ve çift sayıların toplamını bulma", "tek sayıların ve çift sayıların toplamını bulma\tek sayıların ve çift sayıların toplamını bulma.csproj", "{B2059DB5-8E37-4AC5-8750-BD60D971B95C}"
EndProject
Global
	GlobalSection(SolutionConfigurationPlatforms) = preSolution
		Debug|Any CPU = Debug|Any CPU
		Release|Any CPU = Release|Any CPU
	EndGlobalSection
	GlobalSection(ProjectConfigurationPlatforms) = postSolution
		{B2059DB5-8E37-4AC5-8750-BD60D971B95C}.Debug|Any CPU.ActiveCfg = Debug|Any CPU
		{B2059DB5-8E37-4AC5-8750-BD60D971B95C}.Debug|Any CPU.Build.0 = Debug|Any CPU
		{B2059DB5-8E37-4AC5-8750-BD60D971B95C}.Release|Any CPU.ActiveCfg = Release|Any CPU
		{B2059DB5-8E37-4AC5-8750-BD60D971B95C}.Release|Any CPU.Build.0 = Release|Any CPU
	EndGlobalSection
	GlobalSection(SolutionProperties) = preSolution
		HideSolutionNode = FALSE
	EndGlobalSection
	GlobalSection(ExtensibilityGlobals) = postSolution
		SolutionGuid = {9F3E08E4-C389-4690-9D39-2FD271653A15}
	EndGlobalSection
EndGlobal
